
Microsoft Visual Studio Solution File, Format Version 12.00
# Visual Studio Version 17
VisualStudioVersion = 17.9.34728.123
MinimumVisualStudioVersion = 10.0.40219.1
Project("{FAE04EC0-301F-11D3-BF4B-00C04F79EFBC}") = "StudentStorage", "StudentStorage.csproj", "{AEDA1D93-DE7B-40C6-A911-EA2E9266CC3C}"
EndProject
Global
	GlobalSection(SolutionConfigurationPlatforms) = preSolution
		Debug|Any CPU = Debug|Any CPU
		Release|Any CPU = Release|Any CPU
	EndGlobalSection
	GlobalSection(ProjectConfigurationPlatforms) = postSolution
		{AEDA1D93-DE7B-40C6-A911-EA2E9266CC3C}.Debug|Any CPU.ActiveCfg = Debug|Any CPU
		{AEDA1D93-DE7B-40C6-A911-EA2E9266CC3C}.Debug|Any CPU.Build.0 = Debug|Any CPU
		{AEDA1D93-DE7B-40C6-A911-EA2E9266CC3C}.Release|Any CPU.ActiveCfg = Release|Any CPU
		{AEDA1D93-DE7B-40C6-A911-EA2E9266CC3C}.Release|Any CPU.Build.0 = Release|Any CPU
	EndGlobalSection
	GlobalSection(SolutionProperties) = preSolution
		HideSolutionNode = FALSE
	EndGlobalSection
	GlobalSection(ExtensibilityGlobals) = postSolution
		SolutionGuid = {E43B10B4-967B-405E-96F2-6263DBCD4664}
	EndGlobalSection
EndGlobal
